{
  "name": "euro-office-lite",
  "lockfileVersion": 3,
  "requires": true,
  "packages": {
    "": {
      "dependencies": {
        "tauri-plugin-printer-v2": "^0.2.4"
      }
    },
    "node_modules/@tauri-apps/api": {
      "version": "2.11.1",
      "resolved": "https://registry.npmjs.org/@tauri-apps/api/-/api-2.11.1.tgz",
      "integrity": "sha512-M2FPuYND2m+wh5hfW9ZpSdxMPdEJovPBWwoHJmwUpysTYNHaOkVFN419m/K0LIgjb/7KU2vBgsUepJWugQCvAA==",
      "license": "Apache-2.0 OR MIT",
      "funding": {
        "type": "opencollective",
        "url": "https://opencollective.com/tauri"
      }
    },
    "node_modules/tauri-plugin-printer-v2": {
      "version": "0.2.4",
      "resolved": "https://registry.npmjs.org/tauri-plugin-printer-v2/-/tauri-plugin-printer-v2-0.2.4.tgz",
      "integrity": "sha512-H2UcrDJ7fqim9aPQcsxZxk527/YCD3+bkQGz7OMJM7Xjd81e7OQzv8nctHb2aq2Gyj5nCSQcnQp7uFsSvfivWA==",
      "license": "MIT",
      "dependencies": {
        "@tauri-apps/api": ">=2.0.0-beta.6"
      }
    }
  }
}
